
Microsoft Visual Studio Solution File, Format Version 12.00
# Visual Studio 15
VisualStudioVersion = 15.0.27004.2010
MinimumVisualStudioVersion = 10.0.40219.1
Project("{2150E333-8FDC-42A3-9474-1A3956D46DE8}") = "Solution Items", "Solution Items", "{04BC09C1-904D-4712-9D3F-9208F1083612}"
EndProject
Project("{9A19103F-16F7-4668-BE54-9A1E7A4F7556}") = "ASPNetCoreAngular2Payments", "ASPNetCoreAngular2Payments.csproj", "{52470372-7B49-4B2B-B0B1-B11CC5ED2EE2}"
EndProject
Project("{E53339B2-1760-4266-BCC7-CA923CBCF16C}") = "docker-compose", "docker-compose.dcproj", "{3B37E360-29FC-4606-A144-44FBB4868210}"
EndProject
Global
	GlobalSection(SolutionConfigurationPlatforms) = preSolution
		Debug|Any CPU = Debug|Any CPU
		Release|Any CPU = Release|Any CPU
	EndGlobalSection
	GlobalSection(ProjectConfigurationPlatforms) = postSolution
		{52470372-7B49-4B2B-B0B1-B11CC5ED2EE2}.Debug|Any CPU.ActiveCfg = Debug|Any CPU
		{52470372-7B49-4B2B-B0B1-B11CC5ED2EE2}.Debug|Any CPU.Build.0 = Debug|Any CPU
		{52470372-7B49-4B2B-B0B1-B11CC5ED2EE2}.Release|Any CPU.ActiveCfg = Release|Any CPU
		{52470372-7B49-4B2B-B0B1-B11CC5ED2EE2}.Release|Any CPU.Build.0 = Release|Any CPU
		{3B37E360-29FC-4606-A144-44FBB4868210}.Debug|Any CPU.ActiveCfg = Debug|Any CPU
		{3B37E360-29FC-4606-A144-44FBB4868210}.Debug|Any CPU.Build.0 = Debug|Any CPU
		{3B37E360-29FC-4606-A144-44FBB4868210}.Release|Any CPU.ActiveCfg = Release|Any CPU
		{3B37E360-29FC-4606-A144-44FBB4868210}.Release|Any CPU.Build.0 = Release|Any CPU
	EndGlobalSection
	GlobalSection(SolutionProperties) = preSolution
		HideSolutionNode = FALSE
	EndGlobalSection
	GlobalSection(ExtensibilityGlobals) = postSolution
		SolutionGuid = {92ED5A20-A17D-41E4-A55C-975C33D2448F}
	EndGlobalSection
EndGlobal
